
Microsoft Visual Studio Solution File, Format Version 12.00
# Visual Studio Version 16
VisualStudioVersion = 16.0.29521.150
MinimumVisualStudioVersion = 10.0.40219.1
Project("{9A19103F-16F7-4668-BE54-9A1E7A4F7556}") = "lab_01_hello_world", "lab_01_hello_world\lab_01_hello_world.csproj", "{5888249A-E5F4-4644-AC67-A3E00185EC14}"
EndProject
Project("{FAE04EC0-301F-11D3-BF4B-00C04F79EFBC}") = "lab_02_ildasm", "lab_02_ildasm\lab_02_ildasm.csproj", "{20896A3F-40CC-434A-B614-AF5F8A0B2E2F}"
EndProject
Project("{9A19103F-16F7-4668-BE54-9A1E7A4F7556}") = "lab_03_use_library", "lab_03_library\lab_03_use_library.csproj", "{8C0EE66F-3D29-4651-A74F-AC90531D43E7}"
EndProject
Project("{9A19103F-16F7-4668-BE54-9A1E7A4F7556}") = "lab_03_library_files", "lab_03_library_files\lab_03_library_files.csproj", "{403DC317-ED3A-4B16-A9B3-63C6E1964AF6}"
EndProject
Project("{9A19103F-16F7-4668-BE54-9A1E7A4F7556}") = "lab_04_debugging", "lab_04_debugging\lab_04_debugging.csproj", "{976DEDC6-ED46-49BB-B285-6CA9B2DFDCDD}"
EndProject
Project("{FAE04EC0-301F-11D3-BF4B-00C04F79EFBC}") = "lab_05_log_to_event_viewer", "lab_05_log_to_event_viewer\lab_05_log_to_event_viewer.csproj", "{DB024C55-4C06-47BA-A74C-A040477198FB}"
EndProject
Project("{9A19103F-16F7-4668-BE54-9A1E7A4F7556}") = "lab_06_conditional_compiling", "lab_06_conditional_compiling\lab_06_conditional_compiling.csproj", "{A6BED23E-79B3-4DD1-9968-5130628FFB4E}"
EndProject
Project("{9A19103F-16F7-4668-BE54-9A1E7A4F7556}") = "lab_07_argument_args_array", "lab_07_argument_args_array\lab_07_argument_args_array.csproj", "{E84CF7B1-C92F-4ED2-A24C-82D9D373134E}"
EndProject
Project("{9A19103F-16F7-4668-BE54-9A1E7A4F7556}") = "lab_08_literal_objects", "lab_08_literal_objects\lab_08_literal_objects.csproj", "{0E8A983B-DE4D-4706-BFCF-6C82BC9AE746}"
EndProject
Project("{9A19103F-16F7-4668-BE54-9A1E7A4F7556}") = "lab_09_OOP_intro", "lab_09_OOP_intro\lab_09_OOP_intro.csproj", "{D0419DBE-3ABA-4027-9512-E39D12A186D4}"
EndProject
Project("{9A19103F-16F7-4668-BE54-9A1E7A4F7556}") = "lab_10_methods", "lab_10_methods\lab_10_methods.csproj", "{51D57FC5-EA11-4619-BBB8-5803B6566CD2}"
EndProject
Project("{9A19103F-16F7-4668-BE54-9A1E7A4F7556}") = "lab_11_methods", "lab_11_methods\lab_11_methods.csproj", "{CBE4E9C9-5ADF-4E28-9425-368CC6A176E0}"
EndProject
Project("{9A19103F-16F7-4668-BE54-9A1E7A4F7556}") = "lab_12_properties", "lab_12_properties\lab_12_properties.csproj", "{0803FD9D-5F26-4DFA-80BE-8BB47E081D9B}"
EndProject
Project("{9A19103F-16F7-4668-BE54-9A1E7A4F7556}") = "lab_13_polymorphism", "lab_13_polymorphism\lab_13_polymorphism.csproj", "{2958DF43-4BE6-425D-8405-FD5942A2182D}"
EndProject
Project("{9A19103F-16F7-4668-BE54-9A1E7A4F7556}") = "lab_14_absract_class", "lab_14_absract_class\lab_14_absract_class.csproj", "{5741CA9B-6396-4A71-913D-2357F30AA4E3}"
EndProject
Project("{9A19103F-16F7-4668-BE54-9A1E7A4F7556}") = "lab_15_namespace", "lab_15_namespace\lab_15_namespace.csproj", "{6F027273-8D86-43FC-B345-7B889BF52136}"
EndProject
Project("{9A19103F-16F7-4668-BE54-9A1E7A4F7556}") = "lab_16_access_modifiers", "lab_16_access_modifiers\lab_16_access_modifiers.csproj", "{ED0F4FD8-5229-4F3A-86A3-FCBD37ACFC00}"
EndProject
Project("{9A19103F-16F7-4668-BE54-9A1E7A4F7556}") = "lab_17_value_reference_type", "lab_17_value_reference_type\lab_17_value_reference_type.csproj", "{4F9323CE-D8EC-4772-B3A8-A2F11BC5ECA6}"
EndProject
Project("{FAE04EC0-301F-11D3-BF4B-00C04F79EFBC}") = "Calculator", "Calculator\Calculator.csproj", "{B0F16BCA-93FE-48F5-8D8B-A55BD7C7846F}"
EndProject
Project("{9A19103F-16F7-4668-BE54-9A1E7A4F7556}") = "lab_18_loops", "lab_18_loops\lab_18_loops.csproj", "{FBA3A26C-8114-4DF7-939D-EC97C78856B6}"
EndProject
Project("{9A19103F-16F7-4668-BE54-9A1E7A4F7556}") = "lab_19_collections", "lab_19_collections\lab_19_collections.csproj", "{061E32DC-C8F9-4F93-90C2-DA1F24F487A9}"
EndProject
Project("{9A19103F-16F7-4668-BE54-9A1E7A4F7556}") = "lab_20_list_queue_stack", "lab_20_list_queue_stack\lab_20_list_queue_stack.csproj", "{4571DE6B-F39F-4F59-BB04-7384003E466C}"
EndProject
Project("{9A19103F-16F7-4668-BE54-9A1E7A4F7556}") = "lab_21_exceptions", "lab_21_exceptions\lab_21_exceptions.csproj", "{C2F2BFAB-B840-4668-AD2D-3D7F770A4FDD}"
EndProject
Project("{9A19103F-16F7-4668-BE54-9A1E7A4F7556}") = "lab_22_throw_exception", "lab_22_throw_exception\lab_22_throw_exception.csproj", "{3A9CAC74-84E9-47A1-AF1C-CC6811751E18}"
EndProject
Project("{9A19103F-16F7-4668-BE54-9A1E7A4F7556}") = "lab_23_Rabbits", "lab_23_Rabbits\lab_23_Rabbits.csproj", "{D4CB09EE-5D94-4E55-ABAA-3603071BBC86}"
EndProject
Project("{9A19103F-16F7-4668-BE54-9A1E7A4F7556}") = "lab_24_variables", "lab_24_variables\lab_24_variables.csproj", "{DB939CF5-BE29-4B41-B0BC-EAC11F4EE01A}"
EndProject
Project("{FAE04EC0-301F-11D3-BF4B-00C04F79EFBC}") = "Rabbits", "Rabbits\Rabbits.csproj", "{967D94DD-1DFE-4800-ADFD-6FC88C0DEC7B}"
EndProject
Project("{FAE04EC0-301F-11D3-BF4B-00C04F79EFBC}") = "lab_25_test_database", "lab_25_test_database\lab_25_test_database.csproj", "{F3F2D067-DAA3-4E42-A4BA-45A5EF136276}"
EndProject
Project("{9A19103F-16F7-4668-BE54-9A1E7A4F7556}") = "lab_26_NUnit_Tests", "lab_26_NUnit_Tests\lab_26_NUnit_Tests.csproj", "{67029B10-C089-4CC7-A2FC-2384CBA4192F}"
EndProject
Project("{9A19103F-16F7-4668-BE54-9A1E7A4F7556}") = "lab_27_test_addition", "lab_27_test_addition\lab_27_test_addition.csproj", "{11EDF2A7-9E2D-41B1-9427-46539620D4BF}"
EndProject
Project("{9A19103F-16F7-4668-BE54-9A1E7A4F7556}") = "lab_29_variables_continued", "lab_29_variables_continued\lab_29_variables_continued.csproj", "{751FD0CE-2E6B-4B93-90E8-2D530117DFA5}"
EndProject
Project("{9A19103F-16F7-4668-BE54-9A1E7A4F7556}") = "lab_30_stopwatch_date_time", "lab_30_stopwatch_date_time\lab_30_stopwatch_date_time.csproj", "{CDA6EDCB-6633-4045-AFED-D69114EBF8AF}"
EndProject
Project("{9A19103F-16F7-4668-BE54-9A1E7A4F7556}") = "lab_31_enum", "lab_31_enum\lab_31_enum.csproj", "{465C158E-DA33-4D59-8739-550B046AD6CA}"
EndProject
Project("{9A19103F-16F7-4668-BE54-9A1E7A4F7556}") = "lab_32_variables_final", "lab_32_variables_final\lab_32_variables_final.csproj", "{7288D1E2-5CE1-4DA7-AEE4-F55BC3655DE8}"
EndProject
Project("{9A19103F-16F7-4668-BE54-9A1E7A4F7556}") = "lab_34_tuples", "lab_34_tuples\lab_34_tuples.csproj", "{6741009E-B3CC-4C6F-B966-D36A988AE794}"
EndProject
Project("{FAE04EC0-301F-11D3-BF4B-00C04F79EFBC}") = "lab_33_rabbits", "lab_33_rabbits\lab_33_rabbits.csproj", "{62D1CC0D-F904-42B4-96ED-F8246F4BB914}"
EndProject
Project("{9A19103F-16F7-4668-BE54-9A1E7A4F7556}") = "lab_35_overloading", "lab_35_overloading\lab_35_overloading.csproj", "{7286E435-9052-4BFA-BC8E-CCE49F745AD4}"
EndProject
Project("{FAE04EC0-301F-11D3-BF4B-00C04F79EFBC}") = "lab_33b_rabbits", "lab_33b_rabbits\lab_33b_rabbits.csproj", "{78420609-89E7-43A5-897A-BC1975987B2A}"
EndProject
Project("{9A19103F-16F7-4668-BE54-9A1E7A4F7556}") = "lab_28_tests_answers", "lab_28_tests_answers\lab_28_tests_answers.csproj", "{16CD4536-F2FC-4FDD-BB2E-24557751BA31}"
EndProject
Project("{FAE04EC0-301F-11D3-BF4B-00C04F79EFBC}") = "lab_36_Northwind_Code_First", "lab_36_Northwind_Code_First\lab_36_Northwind_Code_First.csproj", "{18D1B0F2-77D5-4878-B57B-B90C8FEFEBD0}"
EndProject
Project("{9A19103F-16F7-4668-BE54-9A1E7A4F7556}") = "lab_37_northwind_core", "lab_37_northwind_core\lab_37_northwind_core.csproj", "{13E19722-8620-4440-8D4D-05D243C2D20A}"
EndProject
Project("{9A19103F-16F7-4668-BE54-9A1E7A4F7556}") = "MS_Test", "MS_Test\MS_Test.csproj", "{3B6496A8-DF5A-4106-B3FA-29CF299D5660}"
EndProject
Project("{9A19103F-16F7-4668-BE54-9A1E7A4F7556}") = "lab_38_operators", "lab_38_operators\lab_38_operators.csproj", "{F917F36F-60B9-47E9-852F-38BAD4C24617}"
EndProject
Project("{9A19103F-16F7-4668-BE54-9A1E7A4F7556}") = "lab_39_interfaces", "lab_39_interfaces\lab_39_interfaces.csproj", "{B90BC2C9-9B5B-453F-A1A2-4FCDA5ACBA08}"
EndProject
Project("{9A19103F-16F7-4668-BE54-9A1E7A4F7556}") = "lab_40_Microsoft_Office", "lab_40_Microsoft_Office\lab_40_Microsoft_Office.csproj", "{36490935-D2FC-441A-A892-593C14546DDB}"
EndProject
Project("{FAE04EC0-301F-11D3-BF4B-00C04F79EFBC}") = "lab_40b_Microsoft_Office", "lab_40b_Microsoft_Office\lab_40b_Microsoft_Office.csproj", "{0A995430-6684-4141-AE00-0E4D56F89D99}"
EndProject
Project("{FAE04EC0-301F-11D3-BF4B-00C04F79EFBC}") = "lab_41_delegates", "lab_41_delegates\lab_41_delegates.csproj", "{6B5DDA60-834A-4EAA-A136-8BC5281BB431}"
EndProject
Project("{FAE04EC0-301F-11D3-BF4B-00C04F79EFBC}") = "lab_42_events", "lab _42_events\lab_42_events.csproj", "{F79B4CA0-2893-439D-AF85-E15BC17D851B}"
EndProject
Project("{FAE04EC0-301F-11D3-BF4B-00C04F79EFBC}") = "lab_43_OOP_Events", "lab_43_OOP_Events\lab_43_OOP_Events.csproj", "{363CF897-FA53-4F3C-B84A-53EC3D2A2AC5}"
EndProject
Global
	GlobalSection(SolutionConfigurationPlatforms) = preSolution
		Debug|Any CPU = Debug|Any CPU
		Release|Any CPU = Release|Any CPU
	EndGlobalSection
	GlobalSection(ProjectConfigurationPlatforms) = postSolution
		{5888249A-E5F4-4644-AC67-A3E00185EC14}.Debug|Any CPU.ActiveCfg = Debug|Any CPU
		{5888249A-E5F4-4644-AC67-A3E00185EC14}.Debug|Any CPU.Build.0 = Debug|Any CPU
		{5888249A-E5F4-4644-AC67-A3E00185EC14}.Release|Any CPU.ActiveCfg = Release|Any CPU
		{5888249A-E5F4-4644-AC67-A3E00185EC14}.Release|Any CPU.Build.0 = Release|Any CPU
		{20896A3F-40CC-434A-B614-AF5F8A0B2E2F}.Debug|Any CPU.ActiveCfg = Debug|Any CPU
		{20896A3F-40CC-434A-B614-AF5F8A0B2E2F}.Debug|Any CPU.Build.0 = Debug|Any CPU
		{20896A3F-40CC-434A-B614-AF5F8A0B2E2F}.Release|Any CPU.ActiveCfg = Release|Any CPU
		{20896A3F-40CC-434A-B614-AF5F8A0B2E2F}.Release|Any CPU.Build.0 = Release|Any CPU
		{8C0EE66F-3D29-4651-A74F-AC90531D43E7}.Debug|Any CPU.ActiveCfg = Debug|Any CPU
		{8C0EE66F-3D29-4651-A74F-AC90531D43E7}.Debug|Any CPU.Build.0 = Debug|Any CPU
		{8C0EE66F-3D29-4651-A74F-AC90531D43E7}.Release|Any CPU.ActiveCfg = Release|Any CPU
		{8C0EE66F-3D29-4651-A74F-AC90531D43E7}.Release|Any CPU.Build.0 = Release|Any CPU
		{403DC317-ED3A-4B16-A9B3-63C6E1964AF6}.Debug|Any CPU.ActiveCfg = Debug|Any CPU
		{403DC317-ED3A-4B16-A9B3-63C6E1964AF6}.Debug|Any CPU.Build.0 = Debug|Any CPU
		{403DC317-ED3A-4B16-A9B3-63C6E1964AF6}.Release|Any CPU.ActiveCfg = Release|Any CPU
		{403DC317-ED3A-4B16-A9B3-63C6E1964AF6}.Release|Any CPU.Build.0 = Release|Any CPU
		{976DEDC6-ED46-49BB-B285-6CA9B2DFDCDD}.Debug|Any CPU.ActiveCfg = Debug|Any CPU
		{976DEDC6-ED46-49BB-B285-6CA9B2DFDCDD}.Debug|Any CPU.Build.0 = Debug|Any CPU
		{976DEDC6-ED46-49BB-B285-6CA9B2DFDCDD}.Release|Any CPU.ActiveCfg = Release|Any CPU
		{976DEDC6-ED46-49BB-B285-6CA9B2DFDCDD}.Release|Any CPU.Build.0 = Release|Any CPU
		{DB024C55-4C06-47BA-A74C-A040477198FB}.Debug|Any CPU.ActiveCfg = Debug|Any CPU
		{DB024C55-4C06-47BA-A74C-A040477198FB}.Debug|Any CPU.Build.0 = Debug|Any CPU
		{DB024C55-4C06-47BA-A74C-A040477198FB}.Release|Any CPU.ActiveCfg = Release|Any CPU
		{DB024C55-4C06-47BA-A74C-A040477198FB}.Release|Any CPU.Build.0 = Release|Any CPU
		{A6BED23E-79B3-4DD1-9968-5130628FFB4E}.Debug|Any CPU.ActiveCfg = Debug|Any CPU
		{A6BED23E-79B3-4DD1-9968-5130628FFB4E}.Debug|Any CPU.Build.0 = Debug|Any CPU
		{A6BED23E-79B3-4DD1-9968-5130628FFB4E}.Release|Any CPU.ActiveCfg = Release|Any CPU
		{A6BED23E-79B3-4DD1-9968-5130628FFB4E}.Release|Any CPU.Build.0 = Release|Any CPU
		{E84CF7B1-C92F-4ED2-A24C-82D9D373134E}.Debug|Any CPU.ActiveCfg = Debug|Any CPU
		{E84CF7B1-C92F-4ED2-A24C-82D9D373134E}.Debug|Any CPU.Build.0 = Debug|Any CPU
		{E84CF7B1-C92F-4ED2-A24C-82D9D373134E}.Release|Any CPU.ActiveCfg = Release|Any CPU
		{E84CF7B1-C92F-4ED2-A24C-82D9D373134E}.Release|Any CPU.Build.0 = Release|Any CPU
		{0E8A983B-DE4D-4706-BFCF-6C82BC9AE746}.Debug|Any CPU.ActiveCfg = Debug|Any CPU
		{0E8A983B-DE4D-4706-BFCF-6C82BC9AE746}.Debug|Any CPU.Build.0 = Debug|Any CPU
		{0E8A983B-DE4D-4706-BFCF-6C82BC9AE746}.Release|Any CPU.ActiveCfg = Release|Any CPU
		{0E8A983B-DE4D-4706-BFCF-6C82BC9AE746}.Release|Any CPU.Build.0 = Release|Any CPU
		{D0419DBE-3ABA-4027-9512-E39D12A186D4}.Debug|Any CPU.ActiveCfg = Debug|Any CPU
		{D0419DBE-3ABA-4027-9512-E39D12A186D4}.Debug|Any CPU.Build.0 = Debug|Any CPU
		{D0419DBE-3ABA-4027-9512-E39D12A186D4}.Release|Any CPU.ActiveCfg = Release|Any CPU
		{D0419DBE-3ABA-4027-9512-E39D12A186D4}.Release|Any CPU.Build.0 = Release|Any CPU
		{51D57FC5-EA11-4619-BBB8-5803B6566CD2}.Debug|Any CPU.ActiveCfg = Debug|Any CPU
		{51D57FC5-EA11-4619-BBB8-5803B6566CD2}.Debug|Any CPU.Build.0 = Debug|Any CPU
		{51D57FC5-EA11-4619-BBB8-5803B6566CD2}.Release|Any CPU.ActiveCfg = Release|Any CPU
		{51D57FC5-EA11-4619-BBB8-5803B6566CD2}.Release|Any CPU.Build.0 = Release|Any CPU
		{CBE4E9C9-5ADF-4E28-9425-368CC6A176E0}.Debug|Any CPU.ActiveCfg = Debug|Any CPU
		{CBE4E9C9-5ADF-4E28-9425-368CC6A176E0}.Debug|Any CPU.Build.0 = Debug|Any CPU
		{CBE4E9C9-5ADF-4E28-9425-368CC6A176E0}.Release|Any CPU.ActiveCfg = Release|Any CPU
		{CBE4E9C9-5ADF-4E28-9425-368CC6A176E0}.Release|Any CPU.Build.0 = Release|Any CPU
		{0803FD9D-5F26-4DFA-80BE-8BB47E081D9B}.Debug|Any CPU.ActiveCfg = Debug|Any CPU
		{0803FD9D-5F26-4DFA-80BE-8BB47E081D9B}.Debug|Any CPU.Build.0 = Debug|Any CPU
		{0803FD9D-5F26-4DFA-80BE-8BB47E081D9B}.Release|Any CPU.ActiveCfg = Release|Any CPU
		{0803FD9D-5F26-4DFA-80BE-8BB47E081D9B}.Release|Any CPU.Build.0 = Release|Any CPU
		{2958DF43-4BE6-425D-8405-FD5942A2182D}.Debug|Any CPU.ActiveCfg = Debug|Any CPU
		{2958DF43-4BE6-425D-8405-FD5942A2182D}.Debug|Any CPU.Build.0 = Debug|Any CPU
		{2958DF43-4BE6-425D-8405-FD5942A2182D}.Release|Any CPU.ActiveCfg = Release|Any CPU
		{2958DF43-4BE6-425D-8405-FD5942A2182D}.Release|Any CPU.Build.0 = Release|Any CPU
		{5741CA9B-6396-4A71-913D-2357F30AA4E3}.Debug|Any CPU.ActiveCfg = Debug|Any CPU
		{5741CA9B-6396-4A71-913D-2357F30AA4E3}.Debug|Any CPU.Build.0 = Debug|Any CPU
		{5741CA9B-6396-4A71-913D-2357F30AA4E3}.Release|Any CPU.ActiveCfg = Release|Any CPU
		{5741CA9B-6396-4A71-913D-2357F30AA4E3}.Release|Any CPU.Build.0 = Release|Any CPU
		{6F027273-8D86-43FC-B345-7B889BF52136}.Debug|Any CPU.ActiveCfg = Debug|Any CPU
		{6F027273-8D86-43FC-B345-7B889BF52136}.Debug|Any CPU.Build.0 = Debug|Any CPU
		{6F027273-8D86-43FC-B345-7B889BF52136}.Release|Any CPU.ActiveCfg = Release|Any CPU
		{6F027273-8D86-43FC-B345-7B889BF52136}.Release|Any CPU.Build.0 = Release|Any CPU
		{ED0F4FD8-5229-4F3A-86A3-FCBD37ACFC00}.Debug|Any CPU.ActiveCfg = Debug|Any CPU
		{ED0F4FD8-5229-4F3A-86A3-FCBD37ACFC00}.Debug|Any CPU.Build.0 = Debug|Any CPU
		{ED0F4FD8-5229-4F3A-86A3-FCBD37ACFC00}.Release|Any CPU.ActiveCfg = Release|Any CPU
		{ED0F4FD8-5229-4F3A-86A3-FCBD37ACFC00}.Release|Any CPU.Build.0 = Release|Any CPU
		{4F9323CE-D8EC-4772-B3A8-A2F11BC5ECA6}.Debug|Any CPU.ActiveCfg = Debug|Any CPU
		{4F9323CE-D8EC-4772-B3A8-A2F11BC5ECA6}.Debug|Any CPU.Build.0 = Debug|Any CPU
		{4F9323CE-D8EC-4772-B3A8-A2F11BC5ECA6}.Release|Any CPU.ActiveCfg = Release|Any CPU
		{4F9323CE-D8EC-4772-B3A8-A2F11BC5ECA6}.Release|Any CPU.Build.0 = Release|Any CPU
		{B0F16BCA-93FE-48F5-8D8B-A55BD7C7846F}.Debug|Any CPU.ActiveCfg = Debug|Any CPU
		{B0F16BCA-93FE-48F5-8D8B-A55BD7C7846F}.Debug|Any CPU.Build.0 = Debug|Any CPU
		{B0F16BCA-93FE-48F5-8D8B-A55BD7C7846F}.Release|Any CPU.ActiveCfg = Release|Any CPU
		{B0F16BCA-93FE-48F5-8D8B-A55BD7C7846F}.Release|Any CPU.Build.0 = Release|Any CPU
		{FBA3A26C-8114-4DF7-939D-EC97C78856B6}.Debug|Any CPU.ActiveCfg = Debug|Any CPU
		{FBA3A26C-8114-4DF7-939D-EC97C78856B6}.Debug|Any CPU.Build.0 = Debug|Any CPU
		{FBA3A26C-8114-4DF7-939D-EC97C78856B6}.Release|Any CPU.ActiveCfg = Release|Any CPU
		{FBA3A26C-8114-4DF7-939D-EC97C78856B6}.Release|Any CPU.Build.0 = Release|Any CPU
		{061E32DC-C8F9-4F93-90C2-DA1F24F487A9}.Debug|Any CPU.ActiveCfg = Debug|Any CPU
		{061E32DC-C8F9-4F93-90C2-DA1F24F487A9}.Debug|Any CPU.Build.0 = Debug|Any CPU
		{061E32DC-C8F9-4F93-90C2-DA1F24F487A9}.Release|Any CPU.ActiveCfg = Release|Any CPU
		{061E32DC-C8F9-4F93-90C2-DA1F24F487A9}.Release|Any CPU.Build.0 = Release|Any CPU
		{4571DE6B-F39F-4F59-BB04-7384003E466C}.Debug|Any CPU.ActiveCfg = Debug|Any CPU
		{4571DE6B-F39F-4F59-BB04-7384003E466C}.Debug|Any CPU.Build.0 = Debug|Any CPU
		{4571DE6B-F39F-4F59-BB04-7384003E466C}.Release|Any CPU.ActiveCfg = Release|Any CPU
		{4571DE6B-F39F-4F59-BB04-7384003E466C}.Release|Any CPU.Build.0 = Release|Any CPU
		{C2F2BFAB-B840-4668-AD2D-3D7F770A4FDD}.Debug|Any CPU.ActiveCfg = Debug|Any CPU
		{C2F2BFAB-B840-4668-AD2D-3D7F770A4FDD}.Debug|Any CPU.Build.0 = Debug|Any CPU
		{C2F2BFAB-B840-4668-AD2D-3D7F770A4FDD}.Release|Any CPU.ActiveCfg = Release|Any CPU
		{C2F2BFAB-B840-4668-AD2D-3D7F770A4FDD}.Release|Any CPU.Build.0 = Release|Any CPU
		{3A9CAC74-84E9-47A1-AF1C-CC6811751E18}.Debug|Any CPU.ActiveCfg = Debug|Any CPU
		{3A9CAC74-84E9-47A1-AF1C-CC6811751E18}.Debug|Any CPU.Build.0 = Debug|Any CPU
		{3A9CAC74-84E9-47A1-AF1C-CC6811751E18}.Release|Any CPU.ActiveCfg = Release|Any CPU
		{3A9CAC74-84E9-47A1-AF1C-CC6811751E18}.Release|Any CPU.Build.0 = Release|Any CPU
		{D4CB09EE-5D94-4E55-ABAA-3603071BBC86}.Debug|Any CPU.ActiveCfg = Debug|Any CPU
		{D4CB09EE-5D94-4E55-ABAA-3603071BBC86}.Debug|Any CPU.Build.0 = Debug|Any CPU
		{D4CB09EE-5D94-4E55-ABAA-3603071BBC86}.Release|Any CPU.ActiveCfg = Release|Any CPU
		{D4CB09EE-5D94-4E55-ABAA-3603071BBC86}.Release|Any CPU.Build.0 = Release|Any CPU
		{DB939CF5-BE29-4B41-B0BC-EAC11F4EE01A}.Debug|Any CPU.ActiveCfg = Debug|Any CPU
		{DB939CF5-BE29-4B41-B0BC-EAC11F4EE01A}.Debug|Any CPU.Build.0 = Debug|Any CPU
		{DB939CF5-BE29-4B41-B0BC-EAC11F4EE01A}.Release|Any CPU.ActiveCfg = Release|Any CPU
		{DB939CF5-BE29-4B41-B0BC-EAC11F4EE01A}.Release|Any CPU.Build.0 = Release|Any CPU
		{967D94DD-1DFE-4800-ADFD-6FC88C0DEC7B}.Debug|Any CPU.ActiveCfg = Debug|Any CPU
		{967D94DD-1DFE-4800-ADFD-6FC88C0DEC7B}.Debug|Any CPU.Build.0 = Debug|Any CPU
		{967D94DD-1DFE-4800-ADFD-6FC88C0DEC7B}.Release|Any CPU.ActiveCfg = Release|Any CPU
		{967D94DD-1DFE-4800-ADFD-6FC88C0DEC7B}.Release|Any CPU.Build.0 = Release|Any CPU
		{F3F2D067-DAA3-4E42-A4BA-45A5EF136276}.Debug|Any CPU.ActiveCfg = Debug|Any CPU
		{F3F2D067-DAA3-4E42-A4BA-45A5EF136276}.Debug|Any CPU.Build.0 = Debug|Any CPU
		{F3F2D067-DAA3-4E42-A4BA-45A5EF136276}.Release|Any CPU.ActiveCfg = Release|Any CPU
		{F3F2D067-DAA3-4E42-A4BA-45A5EF136276}.Release|Any CPU.Build.0 = Release|Any CPU
		{67029B10-C089-4CC7-A2FC-2384CBA4192F}.Debug|Any CPU.ActiveCfg = Debug|Any CPU
		{67029B10-C089-4CC7-A2FC-2384CBA4192F}.Debug|Any CPU.Build.0 = Debug|Any CPU
		{67029B10-C089-4CC7-A2FC-2384CBA4192F}.Release|Any CPU.ActiveCfg = Release|Any CPU
		{67029B10-C089-4CC7-A2FC-2384CBA4192F}.Release|Any CPU.Build.0 = Release|Any CPU
		{11EDF2A7-9E2D-41B1-9427-46539620D4BF}.Debug|Any CPU.ActiveCfg = Debug|Any CPU
		{11EDF2A7-9E2D-41B1-9427-46539620D4BF}.Debug|Any CPU.Build.0 = Debug|Any CPU
		{11EDF2A7-9E2D-41B1-9427-46539620D4BF}.Release|Any CPU.ActiveCfg = Release|Any CPU
		{11EDF2A7-9E2D-41B1-9427-46539620D4BF}.Release|Any CPU.Build.0 = Release|Any CPU
		{751FD0CE-2E6B-4B93-90E8-2D530117DFA5}.Debug|Any CPU.ActiveCfg = Debug|Any CPU
		{751FD0CE-2E6B-4B93-90E8-2D530117DFA5}.Debug|Any CPU.Build.0 = Debug|Any CPU
		{751FD0CE-2E6B-4B93-90E8-2D530117DFA5}.Release|Any CPU.ActiveCfg = Release|Any CPU
		{751FD0CE-2E6B-4B93-90E8-2D530117DFA5}.Release|Any CPU.Build.0 = Release|Any CPU
		{CDA6EDCB-6633-4045-AFED-D69114EBF8AF}.Debug|Any CPU.ActiveCfg = Debug|Any CPU
		{CDA6EDCB-6633-4045-AFED-D69114EBF8AF}.Debug|Any CPU.Build.0 = Debug|Any CPU
		{CDA6EDCB-6633-4045-AFED-D69114EBF8AF}.Release|Any CPU.ActiveCfg = Release|Any CPU
		{CDA6EDCB-6633-4045-AFED-D69114EBF8AF}.Release|Any CPU.Build.0 = Release|Any CPU
		{465C158E-DA33-4D59-8739-550B046AD6CA}.Debug|Any CPU.ActiveCfg = Debug|Any CPU
		{465C158E-DA33-4D59-8739-550B046AD6CA}.Debug|Any CPU.Build.0 = Debug|Any CPU
		{465C158E-DA33-4D59-8739-550B046AD6CA}.Release|Any CPU.ActiveCfg = Release|Any CPU
		{465C158E-DA33-4D59-8739-550B046AD6CA}.Release|Any CPU.Build.0 = Release|Any CPU
		{7288D1E2-5CE1-4DA7-AEE4-F55BC3655DE8}.Debug|Any CPU.ActiveCfg = Debug|Any CPU
		{7288D1E2-5CE1-4DA7-AEE4-F55BC3655DE8}.Debug|Any CPU.Build.0 = Debug|Any CPU
		{7288D1E2-5CE1-4DA7-AEE4-F55BC3655DE8}.Release|Any CPU.ActiveCfg = Release|Any CPU
		{7288D1E2-5CE1-4DA7-AEE4-F55BC3655DE8}.Release|Any CPU.Build.0 = Release|Any CPU
		{6741009E-B3CC-4C6F-B966-D36A988AE794}.Debug|Any CPU.ActiveCfg = Debug|Any CPU
		{6741009E-B3CC-4C6F-B966-D36A988AE794}.Debug|Any CPU.Build.0 = Debug|Any CPU
		{6741009E-B3CC-4C6F-B966-D36A988AE794}.Release|Any CPU.ActiveCfg = Release|Any CPU
		{6741009E-B3CC-4C6F-B966-D36A988AE794}.Release|Any CPU.Build.0 = Release|Any CPU
		{62D1CC0D-F904-42B4-96ED-F8246F4BB914}.Debug|Any CPU.ActiveCfg = Debug|Any CPU
		{62D1CC0D-F904-42B4-96ED-F8246F4BB914}.Debug|Any CPU.Build.0 = Debug|Any CPU
		{62D1CC0D-F904-42B4-96ED-F8246F4BB914}.Release|Any CPU.ActiveCfg = Release|Any CPU
		{62D1CC0D-F904-42B4-96ED-F8246F4BB914}.Release|Any CPU.Build.0 = Release|Any CPU
		{7286E435-9052-4BFA-BC8E-CCE49F745AD4}.Debug|Any CPU.ActiveCfg = Debug|Any CPU
		{7286E435-9052-4BFA-BC8E-CCE49F745AD4}.Debug|Any CPU.Build.0 = Debug|Any CPU
		{7286E435-9052-4BFA-BC8E-CCE49F745AD4}.Release|Any CPU.ActiveCfg = Release|Any CPU
		{7286E435-9052-4BFA-BC8E-CCE49F745AD4}.Release|Any CPU.Build.0 = Release|Any CPU
		{78420609-89E7-43A5-897A-BC1975987B2A}.Debug|Any CPU.ActiveCfg = Debug|Any CPU
		{78420609-89E7-43A5-897A-BC1975987B2A}.Debug|Any CPU.Build.0 = Debug|Any CPU
		{78420609-89E7-43A5-897A-BC1975987B2A}.Release|Any CPU.ActiveCfg = Release|Any CPU
		{78420609-89E7-43A5-897A-BC1975987B2A}.Release|Any CPU.Build.0 = Release|Any CPU
		{16CD4536-F2FC-4FDD-BB2E-24557751BA31}.Debug|Any CPU.ActiveCfg = Debug|Any CPU
		{16CD4536-F2FC-4FDD-BB2E-24557751BA31}.Debug|Any CPU.Build.0 = Debug|Any CPU
		{16CD4536-F2FC-4FDD-BB2E-24557751BA31}.Release|Any CPU.ActiveCfg = Release|Any CPU
		{16CD4536-F2FC-4FDD-BB2E-24557751BA31}.Release|Any CPU.Build.0 = Release|Any CPU
		{18D1B0F2-77D5-4878-B57B-B90C8FEFEBD0}.Debug|Any CPU.ActiveCfg = Debug|Any CPU
		{18D1B0F2-77D5-4878-B57B-B90C8FEFEBD0}.Debug|Any CPU.Build.0 = Debug|Any CPU
		{18D1B0F2-77D5-4878-B57B-B90C8FEFEBD0}.Release|Any CPU.ActiveCfg = Release|Any CPU
		{18D1B0F2-77D5-4878-B57B-B90C8FEFEBD0}.Release|Any CPU.Build.0 = Release|Any CPU
		{13E19722-8620-4440-8D4D-05D243C2D20A}.Debug|Any CPU.ActiveCfg = Debug|Any CPU
		{13E19722-8620-4440-8D4D-05D243C2D20A}.Debug|Any CPU.Build.0 = Debug|Any CPU
		{13E19722-8620-4440-8D4D-05D243C2D20A}.Release|Any CPU.ActiveCfg = Release|Any CPU
		{13E19722-8620-4440-8D4D-05D243C2D20A}.Release|Any CPU.Build.0 = Release|Any CPU
		{3B6496A8-DF5A-4106-B3FA-29CF299D5660}.Debug|Any CPU.ActiveCfg = Debug|Any CPU
		{3B6496A8-DF5A-4106-B3FA-29CF299D5660}.Debug|Any CPU.Build.0 = Debug|Any CPU
		{3B6496A8-DF5A-4106-B3FA-29CF299D5660}.Release|Any CPU.ActiveCfg = Release|Any CPU
		{3B6496A8-DF5A-4106-B3FA-29CF299D5660}.Release|Any CPU.Build.0 = Release|Any CPU
		{F917F36F-60B9-47E9-852F-38BAD4C24617}.Debug|Any CPU.ActiveCfg = Debug|Any CPU
		{F917F36F-60B9-47E9-852F-38BAD4C24617}.Debug|Any CPU.Build.0 = Debug|Any CPU
		{F917F36F-60B9-47E9-852F-38BAD4C24617}.Release|Any CPU.ActiveCfg = Release|Any CPU
		{F917F36F-60B9-47E9-852F-38BAD4C24617}.Release|Any CPU.Build.0 = Release|Any CPU
		{B90BC2C9-9B5B-453F-A1A2-4FCDA5ACBA08}.Debug|Any CPU.ActiveCfg = Debug|Any CPU
		{B90BC2C9-9B5B-453F-A1A2-4FCDA5ACBA08}.Debug|Any CPU.Build.0 = Debug|Any CPU
		{B90BC2C9-9B5B-453F-A1A2-4FCDA5ACBA08}.Release|Any CPU.ActiveCfg = Release|Any CPU
		{B90BC2C9-9B5B-453F-A1A2-4FCDA5ACBA08}.Release|Any CPU.Build.0 = Release|Any CPU
		{36490935-D2FC-441A-A892-593C14546DDB}.Debug|Any CPU.ActiveCfg = Debug|Any CPU
		{36490935-D2FC-441A-A892-593C14546DDB}.Debug|Any CPU.Build.0 = Debug|Any CPU
		{36490935-D2FC-441A-A892-593C14546DDB}.Release|Any CPU.ActiveCfg = Release|Any CPU
		{36490935-D2FC-441A-A892-593C14546DDB}.Release|Any CPU.Build.0 = Release|Any CPU
		{0A995430-6684-4141-AE00-0E4D56F89D99}.Debug|Any CPU.ActiveCfg = Debug|Any CPU
		{0A995430-6684-4141-AE00-0E4D56F89D99}.Debug|Any CPU.Build.0 = Debug|Any CPU
		{0A995430-6684-4141-AE00-0E4D56F89D99}.Release|Any CPU.ActiveCfg = Release|Any CPU
		{0A995430-6684-4141-AE00-0E4D56F89D99}.Release|Any CPU.Build.0 = Release|Any CPU
		{6B5DDA60-834A-4EAA-A136-8BC5281BB431}.Debug|Any CPU.ActiveCfg = Debug|Any CPU
		{6B5DDA60-834A-4EAA-A136-8BC5281BB431}.Debug|Any CPU.Build.0 = Debug|Any CPU
		{6B5DDA60-834A-4EAA-A136-8BC5281BB431}.Release|Any CPU.ActiveCfg = Release|Any CPU
		{6B5DDA60-834A-4EAA-A136-8BC5281BB431}.Release|Any CPU.Build.0 = Release|Any CPU
		{F79B4CA0-2893-439D-AF85-E15BC17D851B}.Debug|Any CPU.ActiveCfg = Debug|Any CPU
		{F79B4CA0-2893-439D-AF85-E15BC17D851B}.Debug|Any CPU.Build.0 = Debug|Any CPU
		{F79B4CA0-2893-439D-AF85-E15BC17D851B}.Release|Any CPU.ActiveCfg = Release|Any CPU
		{F79B4CA0-2893-439D-AF85-E15BC17D851B}.Release|Any CPU.Build.0 = Release|Any CPU
		{363CF897-FA53-4F3C-B84A-53EC3D2A2AC5}.Debug|Any CPU.ActiveCfg = Debug|Any CPU
		{363CF897-FA53-4F3C-B84A-53EC3D2A2AC5}.Debug|Any CPU.Build.0 = Debug|Any CPU
		{363CF897-FA53-4F3C-B84A-53EC3D2A2AC5}.Release|Any CPU.ActiveCfg = Release|Any CPU
		{363CF897-FA53-4F3C-B84A-53EC3D2A2AC5}.Release|Any CPU.Build.0 = Release|Any CPU
	EndGlobalSection
	GlobalSection(SolutionProperties) = preSolution
		HideSolutionNode = FALSE
	EndGlobalSection
	GlobalSection(ExtensibilityGlobals) = postSolution
		SolutionGuid = {D4A39DCF-3831-41AB-9585-DF3061779261}
	EndGlobalSection
EndGlobal
